
Microsoft Visual Studio Solution File, Format Version 12.00
Project("{FAE04EC0-301F-11D3-BF4B-00C04F79EFBC}") = "Project3", "Project3\Project3.csproj", "{88A4FA25-B938-4394-80F6-9386E5EF8860}"
EndProject
Global
	GlobalSection(SolutionConfigurationPlatforms) = preSolution
		Debug|Any CPU = Debug|Any CPU
		Release|Any CPU = Release|Any CPU
	EndGlobalSection
	GlobalSection(ProjectConfigurationPlatforms) = postSolution
		{88A4FA25-B938-4394-80F6-9386E5EF8860}.Debug|Any CPU.ActiveCfg = Debug|Any CPU
		{88A4FA25-B938-4394-80F6-9386E5EF8860}.Debug|Any CPU.Build.0 = Debug|Any CPU
		{88A4FA25-B938-4394-80F6-9386E5EF8860}.Release|Any CPU.ActiveCfg = Release|Any CPU
		{88A4FA25-B938-4394-80F6-9386E5EF8860}.Release|Any CPU.Build.0 = Release|Any CPU
	EndGlobalSection
EndGlobal
