
Microsoft Visual Studio Solution File, Format Version 12.00
Project("{FAE04EC0-301F-11D3-BF4B-00C04F79EFBC}") = "Project1", "Project1\Project1.csproj", "{C7764CCD-C9B5-4BF6-98BD-B7190BC39AD3}"
EndProject
Project("{FAE04EC0-301F-11D3-BF4B-00C04F79EFBC}") = "Project2", "Project2\Project2.csproj", "{D88ED614-2953-4C2A-A9A0-06D119576FCC}"
EndProject
Global
	GlobalSection(SolutionConfigurationPlatforms) = preSolution
		Debug|Any CPU = Debug|Any CPU
		Release|Any CPU = Release|Any CPU
	EndGlobalSection
	GlobalSection(ProjectConfigurationPlatforms) = postSolution
		{C7764CCD-C9B5-4BF6-98BD-B7190BC39AD3}.Debug|Any CPU.ActiveCfg = Debug|Any CPU
		{C7764CCD-C9B5-4BF6-98BD-B7190BC39AD3}.Debug|Any CPU.Build.0 = Debug|Any CPU
		{C7764CCD-C9B5-4BF6-98BD-B7190BC39AD3}.Release|Any CPU.ActiveCfg = Release|Any CPU
		{C7764CCD-C9B5-4BF6-98BD-B7190BC39AD3}.Release|Any CPU.Build.0 = Release|Any CPU
		{D88ED614-2953-4C2A-A9A0-06D119576FCC}.Debug|Any CPU.ActiveCfg = Debug|Any CPU
		{D88ED614-2953-4C2A-A9A0-06D119576FCC}.Debug|Any CPU.Build.0 = Debug|Any CPU
		{D88ED614-2953-4C2A-A9A0-06D119576FCC}.Release|Any CPU.ActiveCfg = Release|Any CPU
		{D88ED614-2953-4C2A-A9A0-06D119576FCC}.Release|Any CPU.Build.0 = Release|Any CPU
	EndGlobalSection
EndGlobal
